// !$*UTF8*$!
{
	archiveVersion = 1;
	classes = {
	};
	objectVersion = 52;
	objects = {

/* Begin PBXBuildFile section */
		635387D22716FD73002A67C7 /* AppDelegate.swift in Sources */ = {isa = PBXBuildFile; fileRef = 635387D12716FD73002A67C7 /* AppDelegate.swift */; };
		635387D42716FD73002A67C7 /* SceneDelegate.swift in Sources */ = {isa = PBXBuildFile; fileRef = 635387D32716FD73002A67C7 /* SceneDelegate.swift */; };
		635387DB2716FD74002A67C7 /* Assets.xcassets in Resources */ = {isa = PBXBuildFile; fileRef = 635387DA2716FD74002A67C7 /* Assets.xcassets */; };
		635387DE2716FD74002A67C7 /* LaunchScreen.storyboard in Resources */ = {isa = PBXBuildFile; fileRef = 635387DC2716FD74002A67C7 /* LaunchScreen.storyboard */; };
		635387F427170B1C002A67C7 /* Moya in Frameworks */ = {isa = PBXBuildFile; productRef = 635387F327170B1C002A67C7 /* Moya */; };
		843D4B6D27183518006ECDBA /* MainScreenModel.swift in Sources */ = {isa = PBXBuildFile; fileRef = 843D4B6427183518006ECDBA /* MainScreenModel.swift */; };
		843D4B6E27183518006ECDBA /* MainScreenDataSource.swift in Sources */ = {isa = PBXBuildFile; fileRef = 843D4B6527183518006ECDBA /* MainScreenDataSource.swift */; };
		843D4B6F27183518006ECDBA /* MainScreenBuilder.swift in Sources */ = {isa = PBXBuildFile; fileRef = 843D4B6627183518006ECDBA /* MainScreenBuilder.swift */; };
		843D4B7027183518006ECDBA /* MainScreenView.xib in Resources */ = {isa = PBXBuildFile; fileRef = 843D4B6827183518006ECDBA /* MainScreenView.xib */; };
		843D4B7127183518006ECDBA /* MainScreenCollectionViewCell.swift in Sources */ = {isa = PBXBuildFile; fileRef = 843D4B6927183518006ECDBA /* MainScreenCollectionViewCell.swift */; };
		843D4B7227183518006ECDBA /* MainScreenCollectionViewCell.xib in Resources */ = {isa = PBXBuildFile; fileRef = 843D4B6A27183518006ECDBA /* MainScreenCollectionViewCell.xib */; };
		843D4B7327183518006ECDBA /* MainScreenView.swift in Sources */ = {isa = PBXBuildFile; fileRef = 843D4B6B27183518006ECDBA /* MainScreenView.swift */; };
		843D4B7427183518006ECDBA /* MainScreenViewController.swift in Sources */ = {isa = PBXBuildFile; fileRef = 843D4B6C27183518006ECDBA /* MainScreenViewController.swift */; };
		843D4B7A271845D8006ECDBA /* UIView+Extensions.swift in Sources */ = {isa = PBXBuildFile; fileRef = 843D4B79271845D7006ECDBA /* UIView+Extensions.swift */; };
		84DAE2A227189130005DCC98 /* Colors.swift in Sources */ = {isa = PBXBuildFile; fileRef = 84DAE2A12718912F005DCC98 /* Colors.swift */; };
/* End PBXBuildFile section */

/* Begin PBXFileReference section */
		635387CE2716FD73002A67C7 /* TinderFunnyCopy.app */ = {isa = PBXFileReference; explicitFileType = wrapper.application; includeInIndex = 0; path = TinderFunnyCopy.app; sourceTree = BUILT_PRODUCTS_DIR; };
		635387D12716FD73002A67C7 /* AppDelegate.swift */ = {isa = PBXFileReference; lastKnownFileType = sourcecode.swift; path = AppDelegate.swift; sourceTree = "<group>"; };
		635387D32716FD73002A67C7 /* SceneDelegate.swift */ = {isa = PBXFileReference; lastKnownFileType = sourcecode.swift; path = SceneDelegate.swift; sourceTree = "<group>"; };
		635387DA2716FD74002A67C7 /* Assets.xcassets */ = {isa = PBXFileReference; lastKnownFileType = folder.assetcatalog; path = Assets.xcassets; sourceTree = "<group>"; };
		635387DD2716FD74002A67C7 /* Base */ = {isa = PBXFileReference; lastKnownFileType = file.storyboard; name = Base; path = Base.lproj/LaunchScreen.storyboard; sourceTree = "<group>"; };
		635387DF2716FD74002A67C7 /* Info.plist */ = {isa = PBXFileReference; lastKnownFileType = text.plist.xml; path = Info.plist; sourceTree = "<group>"; };
		843D4B6427183518006ECDBA /* MainScreenModel.swift */ = {isa = PBXFileReference; fileEncoding = 4; lastKnownFileType = sourcecode.swift; path = MainScreenModel.swift; sourceTree = "<group>"; };
		843D4B6527183518006ECDBA /* MainScreenDataSource.swift */ = {isa = PBXFileReference; fileEncoding = 4; lastKnownFileType = sourcecode.swift; path = MainScreenDataSource.swift; sourceTree = "<group>"; };
		843D4B6627183518006ECDBA /* MainScreenBuilder.swift */ = {isa = PBXFileReference; fileEncoding = 4; lastKnownFileType = sourcecode.swift; path = MainScreenBuilder.swift; sourceTree = "<group>"; };
		843D4B6827183518006ECDBA /* MainScreenView.xib */ = {isa = PBXFileReference; fileEncoding = 4; lastKnownFileType = file.xib; path = MainScreenView.xib; sourceTree = "<group>"; };
		843D4B6927183518006ECDBA /* MainScreenCollectionViewCell.swift */ = {isa = PBXFileReference; fileEncoding = 4; lastKnownFileType = sourcecode.swift; path = MainScreenCollectionViewCell.swift; sourceTree = "<group>"; };
		843D4B6A27183518006ECDBA /* MainScreenCollectionViewCell.xib */ = {isa = PBXFileReference; fileEncoding = 4; lastKnownFileType = file.xib; path = MainScreenCollectionViewCell.xib; sourceTree = "<group>"; };
		843D4B6B27183518006ECDBA /* MainScreenView.swift */ = {isa = PBXFileReference; fileEncoding = 4; lastKnownFileType = sourcecode.swift; path = MainScreenView.swift; sourceTree = "<group>"; };
		843D4B6C27183518006ECDBA /* MainScreenViewController.swift */ = {isa = PBXFileReference; fileEncoding = 4; lastKnownFileType = sourcecode.swift; path = MainScreenViewController.swift; sourceTree = "<group>"; };
		843D4B79271845D7006ECDBA /* UIView+Extensions.swift */ = {isa = PBXFileReference; fileEncoding = 4; lastKnownFileType = sourcecode.swift; path = "UIView+Extensions.swift"; sourceTree = "<group>"; };
		84DAE2A12718912F005DCC98 /* Colors.swift */ = {isa = PBXFileReference; lastKnownFileType = sourcecode.swift; path = Colors.swift; sourceTree = "<group>"; };
/* End PBXFileReference section */

/* Begin PBXFrameworksBuildPhase section */
		635387CB2716FD73002A67C7 /* Frameworks */ = {
			isa = PBXFrameworksBuildPhase;
			buildActionMask = 2147483647;
			files = (
				635387F427170B1C002A67C7 /* Moya in Frameworks */,
			);
			runOnlyForDeploymentPostprocessing = 0;
		};
/* End PBXFrameworksBuildPhase section */

/* Begin PBXGroup section */
		635387C52716FD73002A67C7 = {
			isa = PBXGroup;
			children = (
				635387D02716FD73002A67C7 /* TinderFunnyCopy */,
				635387CF2716FD73002A67C7 /* Products */,
			);
			sourceTree = "<group>";
		};
		635387CF2716FD73002A67C7 /* Products */ = {
			isa = PBXGroup;
			children = (
				635387CE2716FD73002A67C7 /* TinderFunnyCopy.app */,
			);
			name = Products;
			sourceTree = "<group>";
		};
		635387D02716FD73002A67C7 /* TinderFunnyCopy */ = {
			isa = PBXGroup;
			children = (
				843D4B78271845D7006ECDBA /* Extensions */,
				843D4B6327183518006ECDBA /* MainScreen */,
				635387D12716FD73002A67C7 /* AppDelegate.swift */,
				635387D32716FD73002A67C7 /* SceneDelegate.swift */,
				635387DA2716FD74002A67C7 /* Assets.xcassets */,
				635387DC2716FD74002A67C7 /* LaunchScreen.storyboard */,
				635387DF2716FD74002A67C7 /* Info.plist */,
				84DAE2A12718912F005DCC98 /* Colors.swift */,
			);
			path = TinderFunnyCopy;
			sourceTree = "<group>";
		};
		843D4B6327183518006ECDBA /* MainScreen */ = {
			isa = PBXGroup;
			children = (
				843D4B6427183518006ECDBA /* MainScreenModel.swift */,
				843D4B6527183518006ECDBA /* MainScreenDataSource.swift */,
				843D4B6C27183518006ECDBA /* MainScreenViewController.swift */,
				843D4B6627183518006ECDBA /* MainScreenBuilder.swift */,
				843D4B6727183518006ECDBA /* View */,
			);
			path = MainScreen;
			sourceTree = "<group>";
		};
		843D4B6727183518006ECDBA /* View */ = {
			isa = PBXGroup;
			children = (
				843D4B6927183518006ECDBA /* MainScreenCollectionViewCell.swift */,
				843D4B6A27183518006ECDBA /* MainScreenCollectionViewCell.xib */,
				843D4B6B27183518006ECDBA /* MainScreenView.swift */,
				843D4B6827183518006ECDBA /* MainScreenView.xib */,
			);
			path = View;
			sourceTree = "<group>";
		};
		843D4B78271845D7006ECDBA /* Extensions */ = {
			isa = PBXGroup;
			children = (
				843D4B79271845D7006ECDBA /* UIView+Extensions.swift */,
			);
			path = Extensions;
			sourceTree = "<group>";
		};
/* End PBXGroup section */

/* Begin PBXNativeTarget section */
		635387CD2716FD73002A67C7 /* TinderFunnyCopy */ = {
			isa = PBXNativeTarget;
			buildConfigurationList = 635387E22716FD74002A67C7 /* Build configuration list for PBXNativeTarget "TinderFunnyCopy" */;
			buildPhases = (
				635387CA2716FD73002A67C7 /* Sources */,
				635387CB2716FD73002A67C7 /* Frameworks */,
				635387CC2716FD73002A67C7 /* Resources */,
			);
			buildRules = (
			);
			dependencies = (
			);
			name = TinderFunnyCopy;
			packageProductDependencies = (
				635387F327170B1C002A67C7 /* Moya */,
			);
			productName = TinderFunnyCopy;
			productReference = 635387CE2716FD73002A67C7 /* TinderFunnyCopy.app */;
			productType = "com.apple.product-type.application";
		};
/* End PBXNativeTarget section */

/* Begin PBXProject section */
		635387C62716FD73002A67C7 /* Project object */ = {
			isa = PBXProject;
			attributes = {
				LastSwiftUpdateCheck = 1240;
				LastUpgradeCheck = 1240;
				TargetAttributes = {
					635387CD2716FD73002A67C7 = {
						CreatedOnToolsVersion = 12.4;
					};
				};
			};
			buildConfigurationList = 635387C92716FD73002A67C7 /* Build configuration list for PBXProject "TinderFunnyCopy" */;
			compatibilityVersion = "Xcode 9.3";
			developmentRegion = en;
			hasScannedForEncodings = 0;
			knownRegions = (
				en,
				Base,
			);
			mainGroup = 635387C52716FD73002A67C7;
			packageReferences = (
				635387F227170B1C002A67C7 /* XCRemoteSwiftPackageReference "Moya" */,
			);
			productRefGroup = 635387CF2716FD73002A67C7 /* Products */;
			projectDirPath = "";
			projectRoot = "";
			targets = (
				635387CD2716FD73002A67C7 /* TinderFunnyCopy */,
			);
		};
/* End PBXProject section */

/* Begin PBXResourcesBuildPhase section */
		635387CC2716FD73002A67C7 /* Resources */ = {
			isa = PBXResourcesBuildPhase;
			buildActionMask = 2147483647;
			files = (
				635387DE2716FD74002A67C7 /* LaunchScreen.storyboard in Resources */,
				635387DB2716FD74002A67C7 /* Assets.xcassets in Resources */,
				843D4B7227183518006ECDBA /* MainScreenCollectionViewCell.xib in Resources */,
				843D4B7027183518006ECDBA /* MainScreenView.xib in Resources */,
			);
			runOnlyForDeploymentPostprocessing = 0;
		};
/* End PBXResourcesBuildPhase section */

/* Begin PBXSourcesBuildPhase section */
		635387CA2716FD73002A67C7 /* Sources */ = {
			isa = PBXSourcesBuildPhase;
			buildActionMask = 2147483647;
			files = (
				843D4B6E27183518006ECDBA /* MainScreenDataSource.swift in Sources */,
				843D4B7A271845D8006ECDBA /* UIView+Extensions.swift in Sources */,
				635387D22716FD73002A67C7 /* AppDelegate.swift in Sources */,
				84DAE2A227189130005DCC98 /* Colors.swift in Sources */,
				843D4B6D27183518006ECDBA /* MainScreenModel.swift in Sources */,
				843D4B7127183518006ECDBA /* MainScreenCollectionViewCell.swift in Sources */,
				843D4B6F27183518006ECDBA /* MainScreenBuilder.swift in Sources */,
				635387D42716FD73002A67C7 /* SceneDelegate.swift in Sources */,
				843D4B7327183518006ECDBA /* MainScreenView.swift in Sources */,
				843D4B7427183518006ECDBA /* MainScreenViewController.swift in Sources */,
			);
			runOnlyForDeploymentPostprocessing = 0;
		};
/* End PBXSourcesBuildPhase section */

/* Begin PBXVariantGroup section */
		635387DC2716FD74002A67C7 /* LaunchScreen.storyboard */ = {
			isa = PBXVariantGroup;
			children = (
				635387DD2716FD74002A67C7 /* Base */,
			);
			name = LaunchScreen.storyboard;
			sourceTree = "<group>";
		};
/* End PBXVariantGroup section */

/* Begin XCBuildConfiguration section */
		635387E02716FD74002A67C7 /* Debug */ = {
			isa = XCBuildConfiguration;
			buildSettings = {
				ALWAYS_SEARCH_USER_PATHS = NO;
				CLANG_ANALYZER_NONNULL = YES;
				CLANG_ANALYZER_NUMBER_OBJECT_CONVERSION = YES_AGGRESSIVE;
				CLANG_CXX_LANGUAGE_STANDARD = "gnu++14";
				CLANG_CXX_LIBRARY = "libc++";
				CLANG_ENABLE_MODULES = YES;
				CLANG_ENABLE_OBJC_ARC = YES;
				CLANG_ENABLE_OBJC_WEAK = YES;
				CLANG_WARN_BLOCK_CAPTURE_AUTORELEASING = YES;
				CLANG_WARN_BOOL_CONVERSION = YES;
				CLANG_WARN_COMMA = YES;
				CLANG_WARN_CONSTANT_CONVERSION = YES;
				CLANG_WARN_DEPRECATED_OBJC_IMPLEMENTATIONS = YES;
				CLANG_WARN_DIRECT_OBJC_ISA_USAGE = YES_ERROR;
				CLANG_WARN_DOCUMENTATION_COMMENTS = YES;
				CLANG_WARN_EMPTY_BODY = YES;
				CLANG_WARN_ENUM_CONVERSION = YES;
				CLANG_WARN_INFINITE_RECURSION = YES;
				CLANG_WARN_INT_CONVERSION = YES;
				CLANG_WARN_NON_LITERAL_NULL_CONVERSION = YES;
				CLANG_WARN_OBJC_IMPLICIT_RETAIN_SELF = YES;
				CLANG_WARN_OBJC_LITERAL_CONVERSION = YES;
				CLANG_WARN_OBJC_ROOT_CLASS = YES_ERROR;
				CLANG_WARN_QUOTED_INCLUDE_IN_FRAMEWORK_HEADER = YES;
				CLANG_WARN_RANGE_LOOP_ANALYSIS = YES;
				CLANG_WARN_STRICT_PROTOTYPES = YES;
				CLANG_WARN_SUSPICIOUS_MOVE = YES;
				CLANG_WARN_UNGUARDED_AVAILABILITY = YES_AGGRESSIVE;
				CLANG_WARN_UNREACHABLE_CODE = YES;
				CLANG_WARN__DUPLICATE_METHOD_MATCH = YES;
				COPY_PHASE_STRIP = NO;
				DEBUG_INFORMATION_FORMAT = dwarf;
				ENABLE_STRICT_OBJC_MSGSEND = YES;
				ENABLE_TESTABILITY = YES;
				GCC_C_LANGUAGE_STANDARD = gnu11;
				GCC_DYNAMIC_NO_PIC = NO;
				GCC_NO_COMMON_BLOCKS = YES;
				GCC_OPTIMIZATION_LEVEL = 0;
				GCC_PREPROCESSOR_DEFINITIONS = (
					"DEBUG=1",
					"$(inherited)",
				);
				GCC_WARN_64_TO_32_BIT_CONVERSION = YES;
				GCC_WARN_ABOUT_RETURN_TYPE = YES_ERROR;
				GCC_WARN_UNDECLARED_SELECTOR = YES;
				GCC_WARN_UNINITIALIZED_AUTOS = YES_AGGRESSIVE;
				GCC_WARN_UNUSED_FUNCTION = YES;
				GCC_WARN_UNUSED_VARIABLE = YES;
				IPHONEOS_DEPLOYMENT_TARGET = 14.4;
				MTL_ENABLE_DEBUG_INFO = INCLUDE_SOURCE;
				MTL_FAST_MATH = YES;
				ONLY_ACTIVE_ARCH = YES;
				SDKROOT = iphoneos;
				SWIFT_ACTIVE_COMPILATION_CONDITIONS = DEBUG;
				SWIFT_OPTIMIZATION_LEVEL = "-Onone";
			};
			name = Debug;
		};
		635387E12716FD74002A67C7 /* Release */ = {
			isa = XCBuildConfiguration;
			buildSettings = {
				ALWAYS_SEARCH_USER_PATHS = NO;
				CLANG_ANALYZER_NONNULL = YES;
				CLANG_ANALYZER_NUMBER_OBJECT_CONVERSION = YES_AGGRESSIVE;
				CLANG_CXX_LANGUAGE_STANDARD = "gnu++14";
				CLANG_CXX_LIBRARY = "libc++";
				CLANG_ENABLE_MODULES = YES;
				CLANG_ENABLE_OBJC_ARC = YES;
				CLANG_ENABLE_OBJC_WEAK = YES;
				CLANG_WARN_BLOCK_CAPTURE_AUTORELEASING = YES;
				CLANG_WARN_BOOL_CONVERSION = YES;
				CLANG_WARN_COMMA = YES;
				CLANG_WARN_CONSTANT_CONVERSION = YES;
				CLANG_WARN_DEPRECATED_OBJC_IMPLEMENTATIONS = YES;
				CLANG_WARN_DIRECT_OBJC_ISA_USAGE = YES_ERROR;
				CLANG_WARN_DOCUMENTATION_COMMENTS = YES;
				CLANG_WARN_EMPTY_BODY = YES;
				CLANG_WARN_ENUM_CONVERSION = YES;
				CLANG_WARN_INFINITE_RECURSION = YES;
				CLANG_WARN_INT_CONVERSION = YES;
				CLANG_WARN_NON_LITERAL_NULL_CONVERSION = YES;
				CLANG_WARN_OBJC_IMPLICIT_RETAIN_SELF = YES;
				CLANG_WARN_OBJC_LITERAL_CONVERSION = YES;
				CLANG_WARN_OBJC_ROOT_CLASS = YES_ERROR;
				CLANG_WARN_QUOTED_INCLUDE_IN_FRAMEWORK_HEADER = YES;
				CLANG_WARN_RANGE_LOOP_ANALYSIS = YES;
				CLANG_WARN_STRICT_PROTOTYPES = YES;
				CLANG_WARN_SUSPICIOUS_MOVE = YES;
				CLANG_WARN_UNGUARDED_AVAILABILITY = YES_AGGRESSIVE;
				CLANG_WARN_UNREACHABLE_CODE = YES;
				CLANG_WARN__DUPLICATE_METHOD_MATCH = YES;
				COPY_PHASE_STRIP = NO;
				DEBUG_INFORMATION_FORMAT = "dwarf-with-dsym";
				ENABLE_NS_ASSERTIONS = NO;
				ENABLE_STRICT_OBJC_MSGSEND = YES;
				GCC_C_LANGUAGE_STANDARD = gnu11;
				GCC_NO_COMMON_BLOCKS = YES;
				GCC_WARN_64_TO_32_BIT_CONVERSION = YES;
				GCC_WARN_ABOUT_RETURN_TYPE = YES_ERROR;
				GCC_WARN_UNDECLARED_SELECTOR = YES;
				GCC_WARN_UNINITIALIZED_AUTOS = YES_AGGRESSIVE;
				GCC_WARN_UNUSED_FUNCTION = YES;
				GCC_WARN_UNUSED_VARIABLE = YES;
				IPHONEOS_DEPLOYMENT_TARGET = 14.4;
				MTL_ENABLE_DEBUG_INFO = NO;
				MTL_FAST_MATH = YES;
				SDKROOT = iphoneos;
				SWIFT_COMPILATION_MODE = wholemodule;
				SWIFT_OPTIMIZATION_LEVEL = "-O";
				VALIDATE_PRODUCT = YES;
			};
			name = Release;
		};
		635387E32716FD74002A67C7 /* Debug */ = {
			isa = XCBuildConfiguration;
			buildSettings = {
				ASSETCATALOG_COMPILER_APPICON_NAME = AppIcon;
				ASSETCATALOG_COMPILER_GLOBAL_ACCENT_COLOR_NAME = AccentColor;
				CODE_SIGN_STYLE = Automatic;
				INFOPLIST_FILE = TinderFunnyCopy/Info.plist;
				IPHONEOS_DEPLOYMENT_TARGET = 14.4;
				LD_RUNPATH_SEARCH_PATHS = (
					"$(inherited)",
					"@executable_path/Frameworks",
				);
				PRODUCT_BUNDLE_IDENTIFIER = com.abcloudz.s.koryagin.TinderFunnyCopy;
				PRODUCT_NAME = "$(TARGET_NAME)";
				SWIFT_VERSION = 5.0;
				TARGETED_DEVICE_FAMILY = "1,2";
			};
			name = Debug;
		};
		635387E42716FD74002A67C7 /* Release */ = {
			isa = XCBuildConfiguration;
			buildSettings = {
				ASSETCATALOG_COMPILER_APPICON_NAME = AppIcon;
				ASSETCATALOG_COMPILER_GLOBAL_ACCENT_COLOR_NAME = AccentColor;
				CODE_SIGN_STYLE = Automatic;
				INFOPLIST_FILE = TinderFunnyCopy/Info.plist;
				IPHONEOS_DEPLOYMENT_TARGET = 14.4;
				LD_RUNPATH_SEARCH_PATHS = (
					"$(inherited)",
					"@executable_path/Frameworks",
				);
				PRODUCT_BUNDLE_IDENTIFIER = com.abcloudz.s.koryagin.TinderFunnyCopy;
				PRODUCT_NAME = "$(TARGET_NAME)";
				SWIFT_VERSION = 5.0;
				TARGETED_DEVICE_FAMILY = "1,2";
			};
			name = Release;
		};
/* End XCBuildConfiguration section */

/* Begin XCConfigurationList section */
		635387C92716FD73002A67C7 /* Build configuration list for PBXProject "TinderFunnyCopy" */ = {
			isa = XCConfigurationList;
			buildConfigurations = (
				635387E02716FD74002A67C7 /* Debug */,
				635387E12716FD74002A67C7 /* Release */,
			);
			defaultConfigurationIsVisible = 0;
			defaultConfigurationName = Release;
		};
		635387E22716FD74002A67C7 /* Build configuration list for PBXNativeTarget "TinderFunnyCopy" */ = {
			isa = XCConfigurationList;
			buildConfigurations = (
				635387E32716FD74002A67C7 /* Debug */,
				635387E42716FD74002A67C7 /* Release */,
			);
			defaultConfigurationIsVisible = 0;
			defaultConfigurationName = Release;
		};
/* End XCConfigurationList section */

/* Begin XCRemoteSwiftPackageReference section */
		635387F227170B1C002A67C7 /* XCRemoteSwiftPackageReference "Moya" */ = {
			isa = XCRemoteSwiftPackageReference;
			repositoryURL = "https://github.com/Moya/Moya.git";
			requirement = {
				kind = upToNextMajorVersion;
				minimumVersion = 15.0.0;
			};
		};
/* End XCRemoteSwiftPackageReference section */

/* Begin XCSwiftPackageProductDependency section */
		635387F327170B1C002A67C7 /* Moya */ = {
			isa = XCSwiftPackageProductDependency;
			package = 635387F227170B1C002A67C7 /* XCRemoteSwiftPackageReference "Moya" */;
			productName = Moya;
		};
/* End XCSwiftPackageProductDependency section */
	};
	rootObject = 635387C62716FD73002A67C7 /* Project object */;
}
